# This file is automatically @generated by Poetry 1.8.0 and should not be changed by hand.

[[package]]
name = "nvidia-ml-py3"
version = "7.352.0"
description = "Python Bindings for the NVIDIA Management Library"
optional = false
python-versions = "*"
files = [
    {file = "nvidia-ml-py3-7.352.0.tar.gz", hash = "sha256:390f02919ee9d73fe63a98c73101061a6b37fa694a793abf56673320f1f51277"},
]

[metadata]
lock-version = "2.0"
python-versions = "3.9.19"
content-hash = "5888ce236f1d19d88819005057ae3f176b553f2fcc89b42a79e40b9a0866c39d"
