# This file is automatically @generated by Poetry 1.8.0 and should not be changed by hand.

[[package]]
name = "aiofiles"
version = "22.1.0"
description = "File support for asyncio."
optional = false
python-versions = ">=3.7,<4.0"
files = [
    {file = "aiofiles-22.1.0-py3-none-any.whl", hash = "sha256:1142fa8e80dbae46bb6339573ad4c8c0841358f79c6eb50a493dceca14621bad"},
    {file = "aiofiles-22.1.0.tar.gz", hash = "sha256:9107f1ca0b2a5553987a94a3c9959fe5b491fdf731389aa5b7b1bd0733e32de6"},
]
